// !$*UTF8*$!
{
	archiveVersion = 1;
	classes = {
	};
	objectVersion = 46;
	objects = {

/* Begin PBXBuildFile section */
		4947EA8C1A9069820092557B /* AppDelegate.swift in Sources */ = {isa = PBXBuildFile; fileRef = 4947EA8B1A9069820092557B /* AppDelegate.swift */; };
		4947EA8F1A9069820092557B /* ICUEM.xcdatamodeld in Sources */ = {isa = PBXBuildFile; fileRef = 4947EA8D1A9069820092557B /* ICUEM.xcdatamodeld */; };
		4947EA911A9069820092557B /* ViewController.swift in Sources */ = {isa = PBXBuildFile; fileRef = 4947EA901A9069820092557B /* ViewController.swift */; };
		4947EA941A9069820092557B /* Main.storyboard in Resources */ = {isa = PBXBuildFile; fileRef = 4947EA921A9069820092557B /* Main.storyboard */; };
		4947EA961A9069820092557B /* Images.xcassets in Resources */ = {isa = PBXBuildFile; fileRef = 4947EA951A9069820092557B /* Images.xcassets */; };
		4947EA991A9069820092557B /* LaunchScreen.xib in Resources */ = {isa = PBXBuildFile; fileRef = 4947EA971A9069820092557B /* LaunchScreen.xib */; };
		4947EAA51A9069820092557B /* ICUEMTests.swift in Sources */ = {isa = PBXBuildFile; fileRef = 4947EAA41A9069820092557B /* ICUEMTests.swift */; };
		4947EAD61A90704B0092557B /* IMLevelControl.swift in Sources */ = {isa = PBXBuildFile; fileRef = 4947EAD51A90704B0092557B /* IMLevelControl.swift */; };
		4947EADA1A911FDC0092557B /* MapKit.framework in Frameworks */ = {isa = PBXBuildFile; fileRef = 4947EAD91A911FDC0092557B /* MapKit.framework */; };
		49780C051AD4ECA2004166EA /* IMClassTableViewController.swift in Sources */ = {isa = PBXBuildFile; fileRef = 49780C041AD4ECA2004166EA /* IMClassTableViewController.swift */; };
		49780C071AD4F8E5004166EA /* IMClassViewController.swift in Sources */ = {isa = PBXBuildFile; fileRef = 49780C061AD4F8E5004166EA /* IMClassViewController.swift */; };
		49C498481AC50F130036152D /* IMClassSearchViewController.swift in Sources */ = {isa = PBXBuildFile; fileRef = 49C498471AC50F130036152D /* IMClassSearchViewController.swift */; };
/* End PBXBuildFile section */

/* Begin PBXContainerItemProxy section */
		4947EA9F1A9069820092557B /* PBXContainerItemProxy */ = {
			isa = PBXContainerItemProxy;
			containerPortal = 4947EA7E1A9069820092557B /* Project object */;
			proxyType = 1;
			remoteGlobalIDString = 4947EA851A9069820092557B;
			remoteInfo = ICUEM;
		};
/* End PBXContainerItemProxy section */

/* Begin PBXCopyFilesBuildPhase section */
		4947EACF1A9069C10092557B /* Embed Frameworks */ = {
			isa = PBXCopyFilesBuildPhase;
			buildActionMask = 2147483647;
			dstPath = "";
			dstSubfolderSpec = 10;
			files = (
			);
			name = "Embed Frameworks";
			runOnlyForDeploymentPostprocessing = 0;
		};
/* End PBXCopyFilesBuildPhase section */

/* Begin PBXFileReference section */
		4947EA861A9069820092557B /* ICUEM.app */ = {isa = PBXFileReference; explicitFileType = wrapper.application; includeInIndex = 0; path = ICUEM.app; sourceTree = BUILT_PRODUCTS_DIR; };
		4947EA8A1A9069820092557B /* Info.plist */ = {isa = PBXFileReference; lastKnownFileType = text.plist.xml; path = Info.plist; sourceTree = "<group>"; };
		4947EA8B1A9069820092557B /* AppDelegate.swift */ = {isa = PBXFileReference; lastKnownFileType = sourcecode.swift; path = AppDelegate.swift; sourceTree = "<group>"; };
		4947EA8E1A9069820092557B /* ICUEM.xcdatamodel */ = {isa = PBXFileReference; lastKnownFileType = wrapper.xcdatamodel; path = ICUEM.xcdatamodel; sourceTree = "<group>"; };
		4947EA901A9069820092557B /* ViewController.swift */ = {isa = PBXFileReference; lastKnownFileType = sourcecode.swift; path = ViewController.swift; sourceTree = "<group>"; };
		4947EA931A9069820092557B /* Base */ = {isa = PBXFileReference; lastKnownFileType = file.storyboard; name = Base; path = Base.lproj/Main.storyboard; sourceTree = "<group>"; };
		4947EA951A9069820092557B /* Images.xcassets */ = {isa = PBXFileReference; lastKnownFileType = folder.assetcatalog; path = Images.xcassets; sourceTree = "<group>"; };
		4947EA981A9069820092557B /* Base */ = {isa = PBXFileReference; lastKnownFileType = file.xib; name = Base; path = Base.lproj/LaunchScreen.xib; sourceTree = "<group>"; };
		4947EA9E1A9069820092557B /* ICUEMTests.xctest */ = {isa = PBXFileReference; explicitFileType = wrapper.cfbundle; includeInIndex = 0; path = ICUEMTests.xctest; sourceTree = BUILT_PRODUCTS_DIR; };
		4947EAA31A9069820092557B /* Info.plist */ = {isa = PBXFileReference; lastKnownFileType = text.plist.xml; path = Info.plist; sourceTree = "<group>"; };
		4947EAA41A9069820092557B /* ICUEMTests.swift */ = {isa = PBXFileReference; lastKnownFileType = sourcecode.swift; path = ICUEMTests.swift; sourceTree = "<group>"; };
		4947EAC51A9069C10092557B /* Info.plist */ = {isa = PBXFileReference; lastKnownFileType = text.plist.xml; path = Info.plist; sourceTree = "<group>"; };
		4947EAC61A9069C10092557B /* IMKitTests.swift */ = {isa = PBXFileReference; lastKnownFileType = sourcecode.swift; path = IMKitTests.swift; sourceTree = "<group>"; };
		4947EAD51A90704B0092557B /* IMLevelControl.swift */ = {isa = PBXFileReference; fileEncoding = 4; lastKnownFileType = sourcecode.swift; path = IMLevelControl.swift; sourceTree = "<group>"; };
		4947EAD91A911FDC0092557B /* MapKit.framework */ = {isa = PBXFileReference; lastKnownFileType = wrapper.framework; name = MapKit.framework; path = System/Library/Frameworks/MapKit.framework; sourceTree = SDKROOT; };
		49780C041AD4ECA2004166EA /* IMClassTableViewController.swift */ = {isa = PBXFileReference; fileEncoding = 4; lastKnownFileType = sourcecode.swift; path = IMClassTableViewController.swift; sourceTree = "<group>"; };
		49780C061AD4F8E5004166EA /* IMClassViewController.swift */ = {isa = PBXFileReference; fileEncoding = 4; lastKnownFileType = sourcecode.swift; path = IMClassViewController.swift; sourceTree = "<group>"; };
		49C498471AC50F130036152D /* IMClassSearchViewController.swift */ = {isa = PBXFileReference; fileEncoding = 4; lastKnownFileType = sourcecode.swift; path = IMClassSearchViewController.swift; sourceTree = "<group>"; };
/* End PBXFileReference section */

/* Begin PBXFrameworksBuildPhase section */
		4947EA831A9069820092557B /* Frameworks */ = {
			isa = PBXFrameworksBuildPhase;
			buildActionMask = 2147483647;
			files = (
				4947EADA1A911FDC0092557B /* MapKit.framework in Frameworks */,
			);
			runOnlyForDeploymentPostprocessing = 0;
		};
		4947EA9B1A9069820092557B /* Frameworks */ = {
			isa = PBXFrameworksBuildPhase;
			buildActionMask = 2147483647;
			files = (
			);
			runOnlyForDeploymentPostprocessing = 0;
		};
/* End PBXFrameworksBuildPhase section */

/* Begin PBXGroup section */
		4947EA7D1A9069820092557B = {
			isa = PBXGroup;
			children = (
				4947EAD91A911FDC0092557B /* MapKit.framework */,
				4947EA881A9069820092557B /* ICUEM */,
				4947EAA11A9069820092557B /* ICUEMTests */,
				4947EAC31A9069C10092557B /* IMKitTests */,
				4947EA871A9069820092557B /* Products */,
			);
			sourceTree = "<group>";
		};
		4947EA871A9069820092557B /* Products */ = {
			isa = PBXGroup;
			children = (
				4947EA861A9069820092557B /* ICUEM.app */,
				4947EA9E1A9069820092557B /* ICUEMTests.xctest */,
			);
			name = Products;
			sourceTree = "<group>";
		};
		4947EA881A9069820092557B /* ICUEM */ = {
			isa = PBXGroup;
			children = (
				4947EA8B1A9069820092557B /* AppDelegate.swift */,
				4947EA901A9069820092557B /* ViewController.swift */,
				4947EAD51A90704B0092557B /* IMLevelControl.swift */,
				49C498471AC50F130036152D /* IMClassSearchViewController.swift */,
				49780C041AD4ECA2004166EA /* IMClassTableViewController.swift */,
				49780C061AD4F8E5004166EA /* IMClassViewController.swift */,
				4947EA921A9069820092557B /* Main.storyboard */,
				4947EA951A9069820092557B /* Images.xcassets */,
				4947EA971A9069820092557B /* LaunchScreen.xib */,
				4947EA8D1A9069820092557B /* ICUEM.xcdatamodeld */,
				4947EA891A9069820092557B /* Supporting Files */,
			);
			path = ICUEM;
			sourceTree = "<group>";
		};
		4947EA891A9069820092557B /* Supporting Files */ = {
			isa = PBXGroup;
			children = (
				4947EA8A1A9069820092557B /* Info.plist */,
			);
			name = "Supporting Files";
			sourceTree = "<group>";
		};
		4947EAA11A9069820092557B /* ICUEMTests */ = {
			isa = PBXGroup;
			children = (
				4947EAA41A9069820092557B /* ICUEMTests.swift */,
				4947EAA21A9069820092557B /* Supporting Files */,
			);
			path = ICUEMTests;
			sourceTree = "<group>";
		};
		4947EAA21A9069820092557B /* Supporting Files */ = {
			isa = PBXGroup;
			children = (
				4947EAA31A9069820092557B /* Info.plist */,
			);
			name = "Supporting Files";
			sourceTree = "<group>";
		};
		4947EAC31A9069C10092557B /* IMKitTests */ = {
			isa = PBXGroup;
			children = (
				4947EAC61A9069C10092557B /* IMKitTests.swift */,
				4947EAC41A9069C10092557B /* Supporting Files */,
			);
			path = IMKitTests;
			sourceTree = "<group>";
		};
		4947EAC41A9069C10092557B /* Supporting Files */ = {
			isa = PBXGroup;
			children = (
				4947EAC51A9069C10092557B /* Info.plist */,
			);
			name = "Supporting Files";
			sourceTree = "<group>";
		};
/* End PBXGroup section */

/* Begin PBXNativeTarget section */
		4947EA851A9069820092557B /* ICUEM */ = {
			isa = PBXNativeTarget;
			buildConfigurationList = 4947EAA81A9069820092557B /* Build configuration list for PBXNativeTarget "ICUEM" */;
			buildPhases = (
				4947EA821A9069820092557B /* Sources */,
				4947EA831A9069820092557B /* Frameworks */,
				4947EA841A9069820092557B /* Resources */,
				4947EACF1A9069C10092557B /* Embed Frameworks */,
			);
			buildRules = (
			);
			dependencies = (
			);
			name = ICUEM;
			productName = ICUEM;
			productReference = 4947EA861A9069820092557B /* ICUEM.app */;
			productType = "com.apple.product-type.application";
		};
		4947EA9D1A9069820092557B /* ICUEMTests */ = {
			isa = PBXNativeTarget;
			buildConfigurationList = 4947EAAB1A9069820092557B /* Build configuration list for PBXNativeTarget "ICUEMTests" */;
			buildPhases = (
				4947EA9A1A9069820092557B /* Sources */,
				4947EA9B1A9069820092557B /* Frameworks */,
				4947EA9C1A9069820092557B /* Resources */,
			);
			buildRules = (
			);
			dependencies = (
				4947EAA01A9069820092557B /* PBXTargetDependency */,
			);
			name = ICUEMTests;
			productName = ICUEMTests;
			productReference = 4947EA9E1A9069820092557B /* ICUEMTests.xctest */;
			productType = "com.apple.product-type.bundle.unit-test";
		};
/* End PBXNativeTarget section */

/* Begin PBXProject section */
		4947EA7E1A9069820092557B /* Project object */ = {
			isa = PBXProject;
			attributes = {
				LastUpgradeCheck = 0610;
				ORGANIZATIONNAME = ICUEM;
				TargetAttributes = {
					4947EA851A9069820092557B = {
						CreatedOnToolsVersion = 6.1.1;
						SystemCapabilities = {
							com.apple.Maps.iOS = {
								enabled = 1;
							};
						};
					};
					4947EA9D1A9069820092557B = {
						CreatedOnToolsVersion = 6.1.1;
						TestTargetID = 4947EA851A9069820092557B;
					};
				};
			};
			buildConfigurationList = 4947EA811A9069820092557B /* Build configuration list for PBXProject "ICUEM" */;
			compatibilityVersion = "Xcode 3.2";
			developmentRegion = English;
			hasScannedForEncodings = 0;
			knownRegions = (
				en,
				Base,
			);
			mainGroup = 4947EA7D1A9069820092557B;
			productRefGroup = 4947EA871A9069820092557B /* Products */;
			projectDirPath = "";
			projectRoot = "";
			targets = (
				4947EA851A9069820092557B /* ICUEM */,
				4947EA9D1A9069820092557B /* ICUEMTests */,
			);
		};
/* End PBXProject section */

/* Begin PBXResourcesBuildPhase section */
		4947EA841A9069820092557B /* Resources */ = {
			isa = PBXResourcesBuildPhase;
			buildActionMask = 2147483647;
			files = (
				4947EA941A9069820092557B /* Main.storyboard in Resources */,
				4947EA991A9069820092557B /* LaunchScreen.xib in Resources */,
				4947EA961A9069820092557B /* Images.xcassets in Resources */,
			);
			runOnlyForDeploymentPostprocessing = 0;
		};
		4947EA9C1A9069820092557B /* Resources */ = {
			isa = PBXResourcesBuildPhase;
			buildActionMask = 2147483647;
			files = (
			);
			runOnlyForDeploymentPostprocessing = 0;
		};
/* End PBXResourcesBuildPhase section */

/* Begin PBXSourcesBuildPhase section */
		4947EA821A9069820092557B /* Sources */ = {
			isa = PBXSourcesBuildPhase;
			buildActionMask = 2147483647;
			files = (
				49780C051AD4ECA2004166EA /* IMClassTableViewController.swift in Sources */,
				4947EA911A9069820092557B /* ViewController.swift in Sources */,
				4947EA8C1A9069820092557B /* AppDelegate.swift in Sources */,
				4947EAD61A90704B0092557B /* IMLevelControl.swift in Sources */,
				4947EA8F1A9069820092557B /* ICUEM.xcdatamodeld in Sources */,
				49C498481AC50F130036152D /* IMClassSearchViewController.swift in Sources */,
				49780C071AD4F8E5004166EA /* IMClassViewController.swift in Sources */,
			);
			runOnlyForDeploymentPostprocessing = 0;
		};
		4947EA9A1A9069820092557B /* Sources */ = {
			isa = PBXSourcesBuildPhase;
			buildActionMask = 2147483647;
			files = (
				4947EAA51A9069820092557B /* ICUEMTests.swift in Sources */,
			);
			runOnlyForDeploymentPostprocessing = 0;
		};
/* End PBXSourcesBuildPhase section */

/* Begin PBXTargetDependency section */
		4947EAA01A9069820092557B /* PBXTargetDependency */ = {
			isa = PBXTargetDependency;
			target = 4947EA851A9069820092557B /* ICUEM */;
			targetProxy = 4947EA9F1A9069820092557B /* PBXContainerItemProxy */;
		};
/* End PBXTargetDependency section */

/* Begin PBXVariantGroup section */
		4947EA921A9069820092557B /* Main.storyboard */ = {
			isa = PBXVariantGroup;
			children = (
				4947EA931A9069820092557B /* Base */,
			);
			name = Main.storyboard;
			sourceTree = "<group>";
		};
		4947EA971A9069820092557B /* LaunchScreen.xib */ = {
			isa = PBXVariantGroup;
			children = (
				4947EA981A9069820092557B /* Base */,
			);
			name = LaunchScreen.xib;
			sourceTree = "<group>";
		};
/* End PBXVariantGroup section */

/* Begin XCBuildConfiguration section */
		4947EAA61A9069820092557B /* Debug */ = {
			isa = XCBuildConfiguration;
			buildSettings = {
				ALWAYS_SEARCH_USER_PATHS = NO;
				CLANG_CXX_LANGUAGE_STANDARD = "gnu++0x";
				CLANG_CXX_LIBRARY = "libc++";
				CLANG_ENABLE_MODULES = YES;
				CLANG_ENABLE_OBJC_ARC = YES;
				CLANG_WARN_BOOL_CONVERSION = YES;
				CLANG_WARN_CONSTANT_CONVERSION = YES;
				CLANG_WARN_DIRECT_OBJC_ISA_USAGE = YES_ERROR;
				CLANG_WARN_EMPTY_BODY = YES;
				CLANG_WARN_ENUM_CONVERSION = YES;
				CLANG_WARN_INT_CONVERSION = YES;
				CLANG_WARN_OBJC_ROOT_CLASS = YES_ERROR;
				CLANG_WARN_UNREACHABLE_CODE = YES;
				CLANG_WARN__DUPLICATE_METHOD_MATCH = YES;
				"CODE_SIGN_IDENTITY[sdk=iphoneos*]" = "iPhone Developer";
				COPY_PHASE_STRIP = NO;
				ENABLE_STRICT_OBJC_MSGSEND = YES;
				GCC_C_LANGUAGE_STANDARD = gnu99;
				GCC_DYNAMIC_NO_PIC = NO;
				GCC_OPTIMIZATION_LEVEL = 0;
				GCC_PREPROCESSOR_DEFINITIONS = (
					"DEBUG=1",
					"$(inherited)",
				);
				GCC_SYMBOLS_PRIVATE_EXTERN = NO;
				GCC_WARN_64_TO_32_BIT_CONVERSION = YES;
				GCC_WARN_ABOUT_RETURN_TYPE = YES_ERROR;
				GCC_WARN_UNDECLARED_SELECTOR = YES;
				GCC_WARN_UNINITIALIZED_AUTOS = YES_AGGRESSIVE;
				GCC_WARN_UNUSED_FUNCTION = YES;
				GCC_WARN_UNUSED_VARIABLE = YES;
				IPHONEOS_DEPLOYMENT_TARGET = 8.0;
				MTL_ENABLE_DEBUG_INFO = YES;
				ONLY_ACTIVE_ARCH = YES;
				SDKROOT = iphoneos;
				SWIFT_OPTIMIZATION_LEVEL = "-Onone";
				TARGETED_DEVICE_FAMILY = "1,2";
			};
			name = Debug;
		};
		4947EAA71A9069820092557B /* Release */ = {
			isa = XCBuildConfiguration;
			buildSettings = {
				ALWAYS_SEARCH_USER_PATHS = NO;
				CLANG_CXX_LANGUAGE_STANDARD = "gnu++0x";
				CLANG_CXX_LIBRARY = "libc++";
				CLANG_ENABLE_MODULES = YES;
				CLANG_ENABLE_OBJC_ARC = YES;
				CLANG_WARN_BOOL_CONVERSION = YES;
				CLANG_WARN_CONSTANT_CONVERSION = YES;
				CLANG_WARN_DIRECT_OBJC_ISA_USAGE = YES_ERROR;
				CLANG_WARN_EMPTY_BODY = YES;
				CLANG_WARN_ENUM_CONVERSION = YES;
				CLANG_WARN_INT_CONVERSION = YES;
				CLANG_WARN_OBJC_ROOT_CLASS = YES_ERROR;
				CLANG_WARN_UNREACHABLE_CODE = YES;
				CLANG_WARN__DUPLICATE_METHOD_MATCH = YES;
				"CODE_SIGN_IDENTITY[sdk=iphoneos*]" = "iPhone Developer";
				COPY_PHASE_STRIP = YES;
				ENABLE_NS_ASSERTIONS = NO;
				ENABLE_STRICT_OBJC_MSGSEND = YES;
				GCC_C_LANGUAGE_STANDARD = gnu99;
				GCC_WARN_64_TO_32_BIT_CONVERSION = YES;
				GCC_WARN_ABOUT_RETURN_TYPE = YES_ERROR;
				GCC_WARN_UNDECLARED_SELECTOR = YES;
				GCC_WARN_UNINITIALIZED_AUTOS = YES_AGGRESSIVE;
				GCC_WARN_UNUSED_FUNCTION = YES;
				GCC_WARN_UNUSED_VARIABLE = YES;
				IPHONEOS_DEPLOYMENT_TARGET = 8.0;
				MTL_ENABLE_DEBUG_INFO = NO;
				SDKROOT = iphoneos;
				TARGETED_DEVICE_FAMILY = "1,2";
				VALIDATE_PRODUCT = YES;
			};
			name = Release;
		};
		4947EAA91A9069820092557B /* Debug */ = {
			isa = XCBuildConfiguration;
			buildSettings = {
				ASSETCATALOG_COMPILER_APPICON_NAME = AppIcon;
				INFOPLIST_FILE = ICUEM/Info.plist;
				LD_RUNPATH_SEARCH_PATHS = "$(inherited) @executable_path/Frameworks";
				PRODUCT_NAME = "$(TARGET_NAME)";
			};
			name = Debug;
		};
		4947EAAA1A9069820092557B /* Release */ = {
			isa = XCBuildConfiguration;
			buildSettings = {
				ASSETCATALOG_COMPILER_APPICON_NAME = AppIcon;
				INFOPLIST_FILE = ICUEM/Info.plist;
				LD_RUNPATH_SEARCH_PATHS = "$(inherited) @executable_path/Frameworks";
				PRODUCT_NAME = "$(TARGET_NAME)";
			};
			name = Release;
		};
		4947EAAC1A9069820092557B /* Debug */ = {
			isa = XCBuildConfiguration;
			buildSettings = {
				BUNDLE_LOADER = "$(TEST_HOST)";
				FRAMEWORK_SEARCH_PATHS = (
					"$(SDKROOT)/Developer/Library/Frameworks",
					"$(inherited)",
				);
				GCC_PREPROCESSOR_DEFINITIONS = (
					"DEBUG=1",
					"$(inherited)",
				);
				INFOPLIST_FILE = ICUEMTests/Info.plist;
				LD_RUNPATH_SEARCH_PATHS = "$(inherited) @executable_path/Frameworks @loader_path/Frameworks";
				PRODUCT_NAME = "$(TARGET_NAME)";
				TEST_HOST = "$(BUILT_PRODUCTS_DIR)/ICUEM.app/ICUEM";
			};
			name = Debug;
		};
		4947EAAD1A9069820092557B /* Release */ = {
			isa = XCBuildConfiguration;
			buildSettings = {
				BUNDLE_LOADER = "$(TEST_HOST)";
				FRAMEWORK_SEARCH_PATHS = (
					"$(SDKROOT)/Developer/Library/Frameworks",
					"$(inherited)",
				);
				INFOPLIST_FILE = ICUEMTests/Info.plist;
				LD_RUNPATH_SEARCH_PATHS = "$(inherited) @executable_path/Frameworks @loader_path/Frameworks";
				PRODUCT_NAME = "$(TARGET_NAME)";
				TEST_HOST = "$(BUILT_PRODUCTS_DIR)/ICUEM.app/ICUEM";
			};
			name = Release;
		};
/* End XCBuildConfiguration section */

/* Begin XCConfigurationList section */
		4947EA811A9069820092557B /* Build configuration list for PBXProject "ICUEM" */ = {
			isa = XCConfigurationList;
			buildConfigurations = (
				4947EAA61A9069820092557B /* Debug */,
				4947EAA71A9069820092557B /* Release */,
			);
			defaultConfigurationIsVisible = 0;
			defaultConfigurationName = Release;
		};
		4947EAA81A9069820092557B /* Build configuration list for PBXNativeTarget "ICUEM" */ = {
			isa = XCConfigurationList;
			buildConfigurations = (
				4947EAA91A9069820092557B /* Debug */,
				4947EAAA1A9069820092557B /* Release */,
			);
			defaultConfigurationIsVisible = 0;
			defaultConfigurationName = Release;
		};
		4947EAAB1A9069820092557B /* Build configuration list for PBXNativeTarget "ICUEMTests" */ = {
			isa = XCConfigurationList;
			buildConfigurations = (
				4947EAAC1A9069820092557B /* Debug */,
				4947EAAD1A9069820092557B /* Release */,
			);
			defaultConfigurationIsVisible = 0;
			defaultConfigurationName = Release;
		};
/* End XCConfigurationList section */

/* Begin XCVersionGroup section */
		4947EA8D1A9069820092557B /* ICUEM.xcdatamodeld */ = {
			isa = XCVersionGroup;
			children = (
				4947EA8E1A9069820092557B /* ICUEM.xcdatamodel */,
			);
			currentVersion = 4947EA8E1A9069820092557B /* ICUEM.xcdatamodel */;
			path = ICUEM.xcdatamodeld;
			sourceTree = "<group>";
			versionGroupType = wrapper.xcdatamodel;
		};
/* End XCVersionGroup section */
	};
	rootObject = 4947EA7E1A9069820092557B /* Project object */;
}
